// !$*UTF8*$!
{
	archiveVersion = 1;
	classes = {
	};
	objectVersion = 50;
	objects = {

/* Begin PBXBuildFile section */
		28B9BC29AD18C6D64935F1A0 /* Pods_AmazingSwfit.framework in Frameworks */ = {isa = PBXBuildFile; fileRef = 6B900513841C23F05A5E34BB /* Pods_AmazingSwfit.framework */; };
		5F77543023E95CD900703151 /* AppDelegate.swift in Sources */ = {isa = PBXBuildFile; fileRef = 5F77542F23E95CD900703151 /* AppDelegate.swift */; };
		5F77543223E95CD900703151 /* SceneDelegate.swift in Sources */ = {isa = PBXBuildFile; fileRef = 5F77543123E95CD900703151 /* SceneDelegate.swift */; };
		5F77543423E95CD900703151 /* ViewController.swift in Sources */ = {isa = PBXBuildFile; fileRef = 5F77543323E95CD900703151 /* ViewController.swift */; };
		5F77543723E95CD900703151 /* Main.storyboard in Resources */ = {isa = PBXBuildFile; fileRef = 5F77543523E95CD900703151 /* Main.storyboard */; };
		5F77543923E95CDD00703151 /* Assets.xcassets in Resources */ = {isa = PBXBuildFile; fileRef = 5F77543823E95CDD00703151 /* Assets.xcassets */; };
		5F77543C23E95CDD00703151 /* LaunchScreen.storyboard in Resources */ = {isa = PBXBuildFile; fileRef = 5F77543A23E95CDD00703151 /* LaunchScreen.storyboard */; };
/* End PBXBuildFile section */

/* Begin PBXFileReference section */
		272BC71FD61E819E159F99A5 /* Pods-AmazingSwfit.debug.xcconfig */ = {isa = PBXFileReference; includeInIndex = 1; lastKnownFileType = text.xcconfig; name = "Pods-AmazingSwfit.debug.xcconfig"; path = "Target Support Files/Pods-AmazingSwfit/Pods-AmazingSwfit.debug.xcconfig"; sourceTree = "<group>"; };
		5F77542C23E95CD900703151 /* AmazingSwfit.app */ = {isa = PBXFileReference; explicitFileType = wrapper.application; includeInIndex = 0; path = AmazingSwfit.app; sourceTree = BUILT_PRODUCTS_DIR; };
		5F77542F23E95CD900703151 /* AppDelegate.swift */ = {isa = PBXFileReference; lastKnownFileType = sourcecode.swift; path = AppDelegate.swift; sourceTree = "<group>"; };
		5F77543123E95CD900703151 /* SceneDelegate.swift */ = {isa = PBXFileReference; lastKnownFileType = sourcecode.swift; path = SceneDelegate.swift; sourceTree = "<group>"; };
		5F77543323E95CD900703151 /* ViewController.swift */ = {isa = PBXFileReference; lastKnownFileType = sourcecode.swift; path = ViewController.swift; sourceTree = "<group>"; };
		5F77543623E95CD900703151 /* Base */ = {isa = PBXFileReference; lastKnownFileType = file.storyboard; name = Base; path = Base.lproj/Main.storyboard; sourceTree = "<group>"; };
		5F77543823E95CDD00703151 /* Assets.xcassets */ = {isa = PBXFileReference; lastKnownFileType = folder.assetcatalog; path = Assets.xcassets; sourceTree = "<group>"; };
		5F77543B23E95CDD00703151 /* Base */ = {isa = PBXFileReference; lastKnownFileType = file.storyboard; name = Base; path = Base.lproj/LaunchScreen.storyboard; sourceTree = "<group>"; };
		5F77543D23E95CDD00703151 /* Info.plist */ = {isa = PBXFileReference; lastKnownFileType = text.plist.xml; path = Info.plist; sourceTree = "<group>"; };
		6B900513841C23F05A5E34BB /* Pods_AmazingSwfit.framework */ = {isa = PBXFileReference; explicitFileType = wrapper.framework; includeInIndex = 0; path = Pods_AmazingSwfit.framework; sourceTree = BUILT_PRODUCTS_DIR; };
		723DFD88AA5BC6CB3DF039E9 /* Pods-AmazingSwfit.release.xcconfig */ = {isa = PBXFileReference; includeInIndex = 1; lastKnownFileType = text.xcconfig; name = "Pods-AmazingSwfit.release.xcconfig"; path = "Target Support Files/Pods-AmazingSwfit/Pods-AmazingSwfit.release.xcconfig"; sourceTree = "<group>"; };
/* End PBXFileReference section */

/* Begin PBXFrameworksBuildPhase section */
		5F77542923E95CD900703151 /* Frameworks */ = {
			isa = PBXFrameworksBuildPhase;
			buildActionMask = 2147483647;
			files = (
				28B9BC29AD18C6D64935F1A0 /* Pods_AmazingSwfit.framework in Frameworks */,
			);
			runOnlyForDeploymentPostprocessing = 0;
		};
/* End PBXFrameworksBuildPhase section */

/* Begin PBXGroup section */
		5F77542323E95CD900703151 = {
			isa = PBXGroup;
			children = (
				5F77542E23E95CD900703151 /* AmazingSwfit */,
				5F77542D23E95CD900703151 /* Products */,
				D884FDDCE7D4726835C59BE3 /* Pods */,
				ABE79AC846DA3C1AFFB8532F /* Frameworks */,
			);
			sourceTree = "<group>";
		};
		5F77542D23E95CD900703151 /* Products */ = {
			isa = PBXGroup;
			children = (
				5F77542C23E95CD900703151 /* AmazingSwfit.app */,
			);
			name = Products;
			sourceTree = "<group>";
		};
		5F77542E23E95CD900703151 /* AmazingSwfit */ = {
			isa = PBXGroup;
			children = (
				5F77542F23E95CD900703151 /* AppDelegate.swift */,
				5F77543123E95CD900703151 /* SceneDelegate.swift */,
				5F77543323E95CD900703151 /* ViewController.swift */,
				5F77543523E95CD900703151 /* Main.storyboard */,
				5F77543823E95CDD00703151 /* Assets.xcassets */,
				5F77543A23E95CDD00703151 /* LaunchScreen.storyboard */,
				5F77543D23E95CDD00703151 /* Info.plist */,
			);
			path = AmazingSwfit;
			sourceTree = "<group>";
		};
		ABE79AC846DA3C1AFFB8532F /* Frameworks */ = {
			isa = PBXGroup;
			children = (
				6B900513841C23F05A5E34BB /* Pods_AmazingSwfit.framework */,
			);
			name = Frameworks;
			sourceTree = "<group>";
		};
		D884FDDCE7D4726835C59BE3 /* Pods */ = {
			isa = PBXGroup;
			children = (
				272BC71FD61E819E159F99A5 /* Pods-AmazingSwfit.debug.xcconfig */,
				723DFD88AA5BC6CB3DF039E9 /* Pods-AmazingSwfit.release.xcconfig */,
			);
			name = Pods;
			path = Pods;
			sourceTree = "<group>";
		};
/* End PBXGroup section */

/* Begin PBXNativeTarget section */
		5F77542B23E95CD900703151 /* AmazingSwfit */ = {
			isa = PBXNativeTarget;
			buildConfigurationList = 5F77544023E95CDD00703151 /* Build configuration list for PBXNativeTarget "AmazingSwfit" */;
			buildPhases = (
				8F1D903B9501C795C0E9C8D0 /* [CP] Check Pods Manifest.lock */,
				5F77542823E95CD900703151 /* Sources */,
				5F77542923E95CD900703151 /* Frameworks */,
				5F77542A23E95CD900703151 /* Resources */,
			);
			buildRules = (
			);
			dependencies = (
			);
			name = AmazingSwfit;
			productName = AmazingSwfit;
			productReference = 5F77542C23E95CD900703151 /* AmazingSwfit.app */;
			productType = "com.apple.product-type.application";
		};
/* End PBXNativeTarget section */

/* Begin PBXProject section */
		5F77542423E95CD900703151 /* Project object */ = {
			isa = PBXProject;
			attributes = {
				LastSwiftUpdateCheck = 1120;
				LastUpgradeCheck = 1120;
				ORGANIZATIONNAME = "周小华";
				TargetAttributes = {
					5F77542B23E95CD900703151 = {
						CreatedOnToolsVersion = 11.2;
					};
				};
			};
			buildConfigurationList = 5F77542723E95CD900703151 /* Build configuration list for PBXProject "AmazingSwfit" */;
			compatibilityVersion = "Xcode 9.3";
			developmentRegion = en;
			hasScannedForEncodings = 0;
			knownRegions = (
				en,
				Base,
			);
			mainGroup = 5F77542323E95CD900703151;
			productRefGroup = 5F77542D23E95CD900703151 /* Products */;
			projectDirPath = "";
			projectRoot = "";
			targets = (
				5F77542B23E95CD900703151 /* AmazingSwfit */,
			);
		};
/* End PBXProject section */

/* Begin PBXResourcesBuildPhase section */
		5F77542A23E95CD900703151 /* Resources */ = {
			isa = PBXResourcesBuildPhase;
			buildActionMask = 2147483647;
			files = (
				5F77543C23E95CDD00703151 /* LaunchScreen.storyboard in Resources */,
				5F77543923E95CDD00703151 /* Assets.xcassets in Resources */,
				5F77543723E95CD900703151 /* Main.storyboard in Resources */,
			);
			runOnlyForDeploymentPostprocessing = 0;
		};
/* End PBXResourcesBuildPhase section */

/* Begin PBXShellScriptBuildPhase section */
		8F1D903B9501C795C0E9C8D0 /* [CP] Check Pods Manifest.lock */ = {
			isa = PBXShellScriptBuildPhase;
			buildActionMask = 2147483647;
			files = (
			);
			inputFileListPaths = (
			);
			inputPaths = (
				"${PODS_PODFILE_DIR_PATH}/Podfile.lock",
				"${PODS_ROOT}/Manifest.lock",
			);
			name = "[CP] Check Pods Manifest.lock";
			outputFileListPaths = (
			);
			outputPaths = (
				"$(DERIVED_FILE_DIR)/Pods-AmazingSwfit-checkManifestLockResult.txt",
			);
			runOnlyForDeploymentPostprocessing = 0;
			shellPath = /bin/sh;
			shellScript = "diff \"${PODS_PODFILE_DIR_PATH}/Podfile.lock\" \"${PODS_ROOT}/Manifest.lock\" > /dev/null\nif [ $? != 0 ] ; then\n    # print error to STDERR\n    echo \"error: The sandbox is not in sync with the Podfile.lock. Run 'pod install' or update your CocoaPods installation.\" >&2\n    exit 1\nfi\n# This output is used by Xcode 'outputs' to avoid re-running this script phase.\necho \"SUCCESS\" > \"${SCRIPT_OUTPUT_FILE_0}\"\n";
			showEnvVarsInLog = 0;
		};
/* End PBXShellScriptBuildPhase section */

/* Begin PBXSourcesBuildPhase section */
		5F77542823E95CD900703151 /* Sources */ = {
			isa = PBXSourcesBuildPhase;
			buildActionMask = 2147483647;
			files = (
				5F77543423E95CD900703151 /* ViewController.swift in Sources */,
				5F77543023E95CD900703151 /* AppDelegate.swift in Sources */,
				5F77543223E95CD900703151 /* SceneDelegate.swift in Sources */,
			);
			runOnlyForDeploymentPostprocessing = 0;
		};
/* End PBXSourcesBuildPhase section */

/* Begin PBXVariantGroup section */
		5F77543523E95CD900703151 /* Main.storyboard */ = {
			isa = PBXVariantGroup;
			children = (
				5F77543623E95CD900703151 /* Base */,
			);
			name = Main.storyboard;
			sourceTree = "<group>";
		};
		5F77543A23E95CDD00703151 /* LaunchScreen.storyboard */ = {
			isa = PBXVariantGroup;
			children = (
				5F77543B23E95CDD00703151 /* Base */,
			);
			name = LaunchScreen.storyboard;
			sourceTree = "<group>";
		};
/* End PBXVariantGroup section */

/* Begin XCBuildConfiguration section */
		5F77543E23E95CDD00703151 /* Debug */ = {
			isa = XCBuildConfiguration;
			buildSettings = {
				ALWAYS_SEARCH_USER_PATHS = NO;
				CLANG_ANALYZER_NONNULL = YES;
				CLANG_ANALYZER_NUMBER_OBJECT_CONVERSION = YES_AGGRESSIVE;
				CLANG_CXX_LANGUAGE_STANDARD = "gnu++14";
				CLANG_CXX_LIBRARY = "libc++";
				CLANG_ENABLE_MODULES = YES;
				CLANG_ENABLE_OBJC_ARC = YES;
				CLANG_ENABLE_OBJC_WEAK = YES;
				CLANG_WARN_BLOCK_CAPTURE_AUTORELEASING = YES;
				CLANG_WARN_BOOL_CONVERSION = YES;
				CLANG_WARN_COMMA = YES;
				CLANG_WARN_CONSTANT_CONVERSION = YES;
				CLANG_WARN_DEPRECATED_OBJC_IMPLEMENTATIONS = YES;
				CLANG_WARN_DIRECT_OBJC_ISA_USAGE = YES_ERROR;
				CLANG_WARN_DOCUMENTATION_COMMENTS = YES;
				CLANG_WARN_EMPTY_BODY = YES;
				CLANG_WARN_ENUM_CONVERSION = YES;
				CLANG_WARN_INFINITE_RECURSION = YES;
				CLANG_WARN_INT_CONVERSION = YES;
				CLANG_WARN_NON_LITERAL_NULL_CONVERSION = YES;
				CLANG_WARN_OBJC_IMPLICIT_RETAIN_SELF = YES;
				CLANG_WARN_OBJC_LITERAL_CONVERSION = YES;
				CLANG_WARN_OBJC_ROOT_CLASS = YES_ERROR;
				CLANG_WARN_RANGE_LOOP_ANALYSIS = YES;
				CLANG_WARN_STRICT_PROTOTYPES = YES;
				CLANG_WARN_SUSPICIOUS_MOVE = YES;
				CLANG_WARN_UNGUARDED_AVAILABILITY = YES_AGGRESSIVE;
				CLANG_WARN_UNREACHABLE_CODE = YES;
				CLANG_WARN__DUPLICATE_METHOD_MATCH = YES;
				COPY_PHASE_STRIP = NO;
				DEBUG_INFORMATION_FORMAT = dwarf;
				ENABLE_STRICT_OBJC_MSGSEND = YES;
				ENABLE_TESTABILITY = YES;
				GCC_C_LANGUAGE_STANDARD = gnu11;
				GCC_DYNAMIC_NO_PIC = NO;
				GCC_NO_COMMON_BLOCKS = YES;
				GCC_OPTIMIZATION_LEVEL = 0;
				GCC_PREPROCESSOR_DEFINITIONS = (
					"DEBUG=1",
					"$(inherited)",
				);
				GCC_WARN_64_TO_32_BIT_CONVERSION = YES;
				GCC_WARN_ABOUT_RETURN_TYPE = YES_ERROR;
				GCC_WARN_UNDECLARED_SELECTOR = YES;
				GCC_WARN_UNINITIALIZED_AUTOS = YES_AGGRESSIVE;
				GCC_WARN_UNUSED_FUNCTION = YES;
				GCC_WARN_UNUSED_VARIABLE = YES;
				IPHONEOS_DEPLOYMENT_TARGET = 13.2;
				MTL_ENABLE_DEBUG_INFO = INCLUDE_SOURCE;
				MTL_FAST_MATH = YES;
				ONLY_ACTIVE_ARCH = YES;
				SDKROOT = iphoneos;
				SWIFT_ACTIVE_COMPILATION_CONDITIONS = DEBUG;
				SWIFT_OPTIMIZATION_LEVEL = "-Onone";
			};
			name = Debug;
		};
		5F77543F23E95CDD00703151 /* Release */ = {
			isa = XCBuildConfiguration;
			buildSettings = {
				ALWAYS_SEARCH_USER_PATHS = NO;
				CLANG_ANALYZER_NONNULL = YES;
				CLANG_ANALYZER_NUMBER_OBJECT_CONVERSION = YES_AGGRESSIVE;
				CLANG_CXX_LANGUAGE_STANDARD = "gnu++14";
				CLANG_CXX_LIBRARY = "libc++";
				CLANG_ENABLE_MODULES = YES;
				CLANG_ENABLE_OBJC_ARC = YES;
				CLANG_ENABLE_OBJC_WEAK = YES;
				CLANG_WARN_BLOCK_CAPTURE_AUTORELEASING = YES;
				CLANG_WARN_BOOL_CONVERSION = YES;
				CLANG_WARN_COMMA = YES;
				CLANG_WARN_CONSTANT_CONVERSION = YES;
				CLANG_WARN_DEPRECATED_OBJC_IMPLEMENTATIONS = YES;
				CLANG_WARN_DIRECT_OBJC_ISA_USAGE = YES_ERROR;
				CLANG_WARN_DOCUMENTATION_COMMENTS = YES;
				CLANG_WARN_EMPTY_BODY = YES;
				CLANG_WARN_ENUM_CONVERSION = YES;
				CLANG_WARN_INFINITE_RECURSION = YES;
				CLANG_WARN_INT_CONVERSION = YES;
				CLANG_WARN_NON_LITERAL_NULL_CONVERSION = YES;
				CLANG_WARN_OBJC_IMPLICIT_RETAIN_SELF = YES;
				CLANG_WARN_OBJC_LITERAL_CONVERSION = YES;
				CLANG_WARN_OBJC_ROOT_CLASS = YES_ERROR;
				CLANG_WARN_RANGE_LOOP_ANALYSIS = YES;
				CLANG_WARN_STRICT_PROTOTYPES = YES;
				CLANG_WARN_SUSPICIOUS_MOVE = YES;
				CLANG_WARN_UNGUARDED_AVAILABILITY = YES_AGGRESSIVE;
				CLANG_WARN_UNREACHABLE_CODE = YES;
				CLANG_WARN__DUPLICATE_METHOD_MATCH = YES;
				COPY_PHASE_STRIP = NO;
				DEBUG_INFORMATION_FORMAT = "dwarf-with-dsym";
				ENABLE_NS_ASSERTIONS = NO;
				ENABLE_STRICT_OBJC_MSGSEND = YES;
				GCC_C_LANGUAGE_STANDARD = gnu11;
				GCC_NO_COMMON_BLOCKS = YES;
				GCC_WARN_64_TO_32_BIT_CONVERSION = YES;
				GCC_WARN_ABOUT_RETURN_TYPE = YES_ERROR;
				GCC_WARN_UNDECLARED_SELECTOR = YES;
				GCC_WARN_UNINITIALIZED_AUTOS = YES_AGGRESSIVE;
				GCC_WARN_UNUSED_FUNCTION = YES;
				GCC_WARN_UNUSED_VARIABLE = YES;
				IPHONEOS_DEPLOYMENT_TARGET = 13.2;
				MTL_ENABLE_DEBUG_INFO = NO;
				MTL_FAST_MATH = YES;
				SDKROOT = iphoneos;
				SWIFT_COMPILATION_MODE = wholemodule;
				SWIFT_OPTIMIZATION_LEVEL = "-O";
				VALIDATE_PRODUCT = YES;
			};
			name = Release;
		};
		5F77544123E95CDD00703151 /* Debug */ = {
			isa = XCBuildConfiguration;
			baseConfigurationReference = 272BC71FD61E819E159F99A5 /* Pods-AmazingSwfit.debug.xcconfig */;
			buildSettings = {
				ASSETCATALOG_COMPILER_APPICON_NAME = AppIcon;
				CODE_SIGN_STYLE = Automatic;
				DEVELOPMENT_TEAM = 3XBRW7STU5;
				INFOPLIST_FILE = AmazingSwfit/Info.plist;
				LD_RUNPATH_SEARCH_PATHS = (
					"$(inherited)",
					"@executable_path/Frameworks",
				);
				PRODUCT_BUNDLE_IDENTIFIER = com.gunma.duoke.AmazingSwfit;
				PRODUCT_NAME = "$(TARGET_NAME)";
				SWIFT_VERSION = 5.0;
				TARGETED_DEVICE_FAMILY = "1,2";
			};
			name = Debug;
		};
		5F77544223E95CDD00703151 /* Release */ = {
			isa = XCBuildConfiguration;
			baseConfigurationReference = 723DFD88AA5BC6CB3DF039E9 /* Pods-AmazingSwfit.release.xcconfig */;
			buildSettings = {
				ASSETCATALOG_COMPILER_APPICON_NAME = AppIcon;
				CODE_SIGN_STYLE = Automatic;
				DEVELOPMENT_TEAM = 3XBRW7STU5;
				INFOPLIST_FILE = AmazingSwfit/Info.plist;
				LD_RUNPATH_SEARCH_PATHS = (
					"$(inherited)",
					"@executable_path/Frameworks",
				);
				PRODUCT_BUNDLE_IDENTIFIER = com.gunma.duoke.AmazingSwfit;
				PRODUCT_NAME = "$(TARGET_NAME)";
				SWIFT_VERSION = 5.0;
				TARGETED_DEVICE_FAMILY = "1,2";
			};
			name = Release;
		};
/* End XCBuildConfiguration section */

/* Begin XCConfigurationList section */
		5F77542723E95CD900703151 /* Build configuration list for PBXProject "AmazingSwfit" */ = {
			isa = XCConfigurationList;
			buildConfigurations = (
				5F77543E23E95CDD00703151 /* Debug */,
				5F77543F23E95CDD00703151 /* Release */,
			);
			defaultConfigurationIsVisible = 0;
			defaultConfigurationName = Release;
		};
		5F77544023E95CDD00703151 /* Build configuration list for PBXNativeTarget "AmazingSwfit" */ = {
			isa = XCConfigurationList;
			buildConfigurations = (
				5F77544123E95CDD00703151 /* Debug */,
				5F77544223E95CDD00703151 /* Release */,
			);
			defaultConfigurationIsVisible = 0;
			defaultConfigurationName = Release;
		};
/* End XCConfigurationList section */
	};
	rootObject = 5F77542423E95CD900703151 /* Project object */;
}
